Microsoft Visual Studio Solution File, Format Version 12.00
# Visual Studio Version 17
VisualStudioVersion = 17.5.2.0
MinimumVisualStudioVersion = 10.0.40219.1
Project("{FAE04EC0-301F-11D3-BF4B-00C04F79EFBC}") = "Prog1", "Prog1\Prog1.csproj", "{B8C03878-E404-515C-F7B7-E4A3FED3DB0D}"
EndProject
Global
	GlobalSection(SolutionConfigurationPlatforms) = preSolution
		Debug|Any CPU = Debug|Any CPU
		Release|Any CPU = Release|Any CPU
	EndGlobalSection
	GlobalSection(ProjectConfigurationPlatforms) = postSolution
		{B8C03878-E404-515C-F7B7-E4A3FED3DB0D}.Debug|Any CPU.ActiveCfg = Debug|Any CPU
		{B8C03878-E404-515C-F7B7-E4A3FED3DB0D}.Debug|Any CPU.Build.0 = Debug|Any CPU
		{B8C03878-E404-515C-F7B7-E4A3FED3DB0D}.Release|Any CPU.ActiveCfg = Release|Any CPU
		{B8C03878-E404-515C-F7B7-E4A3FED3DB0D}.Release|Any CPU.Build.0 = Release|Any CPU
	EndGlobalSection
	GlobalSection(SolutionProperties) = preSolution
		HideSolutionNode = FALSE
	EndGlobalSection
	GlobalSection(ExtensibilityGlobals) = postSolution
		SolutionGuid = {A1697E2C-4278-4165-8F9F-A5FF0D3ABC70}
	EndGlobalSection
EndGlobal
